
Microsoft Visual Studio Solution File, Format Version 12.00
# Visual Studio 15
VisualStudioVersion = 15.0.26127.3
MinimumVisualStudioVersion = 10.0.40219.1
Project("{FAE04EC0-301F-11D3-BF4B-00C04F79EFBC}") = "Welt", "Welt\Welt.csproj", "{1A87ADF4-725C-4BC0-A437-4A5E234767B1}"
	ProjectSection(ProjectDependencies) = postProject
		{813DF234-8FFD-4C3A-8231-D6296C221DF1} = {813DF234-8FFD-4C3A-8231-D6296C221DF1}
		{86C41467-C0A3-4079-A285-CF0EC80FEF6F} = {86C41467-C0A3-4079-A285-CF0EC80FEF6F}
		{E26D7EC7-4BE3-46C1-8185-608F2E649A2B} = {E26D7EC7-4BE3-46C1-8185-608F2E649A2B}
	EndProjectSection
EndProject
Project("{D954291E-2A0B-460D-934E-DC6B0785DB48}") = "UIConverters", "UIConverters\UIConverters.shproj", "{E791EC0A-04E7-423F-BD6A-CDAB928CB4F6}"
EndProject
Project("{FAE04EC0-301F-11D3-BF4B-00C04F79EFBC}") = "GameUILibrary", "GameUILibrary\GameUILibrary.csproj", "{86C41467-C0A3-4079-A285-CF0EC80FEF6F}"
	ProjectSection(ProjectDependencies) = postProject
		{20E54C35-C606-45A7-A1F5-4670C18003D2} = {20E54C35-C606-45A7-A1F5-4670C18003D2}
	EndProjectSection
EndProject
Project("{FAE04EC0-301F-11D3-BF4B-00C04F79EFBC}") = "UserInterface", "UserInterface\UserInterface.csproj", "{20E54C35-C606-45A7-A1F5-4670C18003D2}"
EndProject
Project("{FAE04EC0-301F-11D3-BF4B-00C04F79EFBC}") = "Welt.API", "Welt.API\Welt.API.csproj", "{E26D7EC7-4BE3-46C1-8185-608F2E649A2B}"
EndProject
Project("{FAE04EC0-301F-11D3-BF4B-00C04F79EFBC}") = "Welt.Core", "Welt.Core\Welt.Core.csproj", "{813DF234-8FFD-4C3A-8231-D6296C221DF1}"
EndProject
Project("{FAE04EC0-301F-11D3-BF4B-00C04F79EFBC}") = "Welt.Server", "Welt.Server\Welt.Server.csproj", "{33C3D427-85B3-454A-A4B9-914987458631}"
EndProject
Project("{2150E333-8FDC-42A3-9474-1A3956D46DE8}") = "Solution Items", "Solution Items", "{3B858CD1-0712-4A16-8248-046B242C3F86}"
	ProjectSection(SolutionItems) = preProject
		TODO.txt = TODO.txt
	EndProjectSection
EndProject
Global
	GlobalSection(SharedMSBuildProjectFiles) = preSolution
		UIConverters\UIConverters.projitems*{e791ec0a-04e7-423f-bd6a-cdab928cb4f6}*SharedItemsImports = 13
	EndGlobalSection
	GlobalSection(SolutionConfigurationPlatforms) = preSolution
		Debug|Any CPU = Debug|Any CPU
		Debug|x64 = Debug|x64
		Debug|x86 = Debug|x86
		Release|Any CPU = Release|Any CPU
		Release|x64 = Release|x64
		Release|x86 = Release|x86
	EndGlobalSection
	GlobalSection(ProjectConfigurationPlatforms) = postSolution
		{1A87ADF4-725C-4BC0-A437-4A5E234767B1}.Debug|Any CPU.ActiveCfg = Debug|Any CPU
		{1A87ADF4-725C-4BC0-A437-4A5E234767B1}.Debug|Any CPU.Build.0 = Debug|Any CPU
		{1A87ADF4-725C-4BC0-A437-4A5E234767B1}.Debug|x64.ActiveCfg = Debug|x64
		{1A87ADF4-725C-4BC0-A437-4A5E234767B1}.Debug|x64.Build.0 = Debug|x64
		{1A87ADF4-725C-4BC0-A437-4A5E234767B1}.Debug|x86.ActiveCfg = Debug|Any CPU
		{1A87ADF4-725C-4BC0-A437-4A5E234767B1}.Debug|x86.Build.0 = Debug|Any CPU
		{1A87ADF4-725C-4BC0-A437-4A5E234767B1}.Release|Any CPU.ActiveCfg = Release|x64
		{1A87ADF4-725C-4BC0-A437-4A5E234767B1}.Release|Any CPU.Build.0 = Release|x64
		{1A87ADF4-725C-4BC0-A437-4A5E234767B1}.Release|x64.ActiveCfg = Release|x64
		{1A87ADF4-725C-4BC0-A437-4A5E234767B1}.Release|x64.Build.0 = Release|x64
		{1A87ADF4-725C-4BC0-A437-4A5E234767B1}.Release|x86.ActiveCfg = Release|x86
		{1A87ADF4-725C-4BC0-A437-4A5E234767B1}.Release|x86.Build.0 = Release|x86
		{86C41467-C0A3-4079-A285-CF0EC80FEF6F}.Debug|Any CPU.ActiveCfg = Debug|Any CPU
		{86C41467-C0A3-4079-A285-CF0EC80FEF6F}.Debug|Any CPU.Build.0 = Debug|Any CPU
		{86C41467-C0A3-4079-A285-CF0EC80FEF6F}.Debug|x64.ActiveCfg = Debug|x64
		{86C41467-C0A3-4079-A285-CF0EC80FEF6F}.Debug|x64.Build.0 = Debug|x64
		{86C41467-C0A3-4079-A285-CF0EC80FEF6F}.Debug|x86.ActiveCfg = Debug|Any CPU
		{86C41467-C0A3-4079-A285-CF0EC80FEF6F}.Debug|x86.Build.0 = Debug|Any CPU
		{86C41467-C0A3-4079-A285-CF0EC80FEF6F}.Release|Any CPU.ActiveCfg = Release|Any CPU
		{86C41467-C0A3-4079-A285-CF0EC80FEF6F}.Release|Any CPU.Build.0 = Release|Any CPU
		{86C41467-C0A3-4079-A285-CF0EC80FEF6F}.Release|x64.ActiveCfg = Release|x64
		{86C41467-C0A3-4079-A285-CF0EC80FEF6F}.Release|x64.Build.0 = Release|x64
		{86C41467-C0A3-4079-A285-CF0EC80FEF6F}.Release|x86.ActiveCfg = Release|Any CPU
		{86C41467-C0A3-4079-A285-CF0EC80FEF6F}.Release|x86.Build.0 = Release|Any CPU
		{20E54C35-C606-45A7-A1F5-4670C18003D2}.Debug|Any CPU.ActiveCfg = Debug|Any CPU
		{20E54C35-C606-45A7-A1F5-4670C18003D2}.Debug|Any CPU.Build.0 = Debug|Any CPU
		{20E54C35-C606-45A7-A1F5-4670C18003D2}.Debug|x64.ActiveCfg = Debug|x64
		{20E54C35-C606-45A7-A1F5-4670C18003D2}.Debug|x64.Build.0 = Debug|x64
		{20E54C35-C606-45A7-A1F5-4670C18003D2}.Debug|x86.ActiveCfg = Debug|Any CPU
		{20E54C35-C606-45A7-A1F5-4670C18003D2}.Debug|x86.Build.0 = Debug|Any CPU
		{20E54C35-C606-45A7-A1F5-4670C18003D2}.Release|Any CPU.ActiveCfg = Release|Any CPU
		{20E54C35-C606-45A7-A1F5-4670C18003D2}.Release|Any CPU.Build.0 = Release|Any CPU
		{20E54C35-C606-45A7-A1F5-4670C18003D2}.Release|x64.ActiveCfg = Release|x64
		{20E54C35-C606-45A7-A1F5-4670C18003D2}.Release|x64.Build.0 = Release|x64
		{20E54C35-C606-45A7-A1F5-4670C18003D2}.Release|x86.ActiveCfg = Release|Any CPU
		{20E54C35-C606-45A7-A1F5-4670C18003D2}.Release|x86.Build.0 = Release|Any CPU
		{E26D7EC7-4BE3-46C1-8185-608F2E649A2B}.Debug|Any CPU.ActiveCfg = Debug|Any CPU
		{E26D7EC7-4BE3-46C1-8185-608F2E649A2B}.Debug|Any CPU.Build.0 = Debug|Any CPU
		{E26D7EC7-4BE3-46C1-8185-608F2E649A2B}.Debug|x64.ActiveCfg = Debug|Any CPU
		{E26D7EC7-4BE3-46C1-8185-608F2E649A2B}.Debug|x64.Build.0 = Debug|Any CPU
		{E26D7EC7-4BE3-46C1-8185-608F2E649A2B}.Debug|x86.ActiveCfg = Debug|Any CPU
		{E26D7EC7-4BE3-46C1-8185-608F2E649A2B}.Debug|x86.Build.0 = Debug|Any CPU
		{E26D7EC7-4BE3-46C1-8185-608F2E649A2B}.Release|Any CPU.ActiveCfg = Release|Any CPU
		{E26D7EC7-4BE3-46C1-8185-608F2E649A2B}.Release|Any CPU.Build.0 = Release|Any CPU
		{E26D7EC7-4BE3-46C1-8185-608F2E649A2B}.Release|x64.ActiveCfg = Release|Any CPU
		{E26D7EC7-4BE3-46C1-8185-608F2E649A2B}.Release|x64.Build.0 = Release|Any CPU
		{E26D7EC7-4BE3-46C1-8185-608F2E649A2B}.Release|x86.ActiveCfg = Release|Any CPU
		{E26D7EC7-4BE3-46C1-8185-608F2E649A2B}.Release|x86.Build.0 = Release|Any CPU
		{813DF234-8FFD-4C3A-8231-D6296C221DF1}.Debug|Any CPU.ActiveCfg = Debug|Any CPU
		{813DF234-8FFD-4C3A-8231-D6296C221DF1}.Debug|Any CPU.Build.0 = Debug|Any CPU
		{813DF234-8FFD-4C3A-8231-D6296C221DF1}.Debug|x64.ActiveCfg = Debug|Any CPU
		{813DF234-8FFD-4C3A-8231-D6296C221DF1}.Debug|x64.Build.0 = Debug|Any CPU
		{813DF234-8FFD-4C3A-8231-D6296C221DF1}.Debug|x86.ActiveCfg = Debug|Any CPU
		{813DF234-8FFD-4C3A-8231-D6296C221DF1}.Debug|x86.Build.0 = Debug|Any CPU
		{813DF234-8FFD-4C3A-8231-D6296C221DF1}.Release|Any CPU.ActiveCfg = Release|Any CPU
		{813DF234-8FFD-4C3A-8231-D6296C221DF1}.Release|Any CPU.Build.0 = Release|Any CPU
		{813DF234-8FFD-4C3A-8231-D6296C221DF1}.Release|x64.ActiveCfg = Release|Any CPU
		{813DF234-8FFD-4C3A-8231-D6296C221DF1}.Release|x64.Build.0 = Release|Any CPU
		{813DF234-8FFD-4C3A-8231-D6296C221DF1}.Release|x86.ActiveCfg = Release|Any CPU
		{813DF234-8FFD-4C3A-8231-D6296C221DF1}.Release|x86.Build.0 = Release|Any CPU
		{33C3D427-85B3-454A-A4B9-914987458631}.Debug|Any CPU.ActiveCfg = Debug|Any CPU
		{33C3D427-85B3-454A-A4B9-914987458631}.Debug|Any CPU.Build.0 = Debug|Any CPU
		{33C3D427-85B3-454A-A4B9-914987458631}.Debug|x64.ActiveCfg = Debug|Any CPU
		{33C3D427-85B3-454A-A4B9-914987458631}.Debug|x64.Build.0 = Debug|Any CPU
		{33C3D427-85B3-454A-A4B9-914987458631}.Debug|x86.ActiveCfg = Debug|Any CPU
		{33C3D427-85B3-454A-A4B9-914987458631}.Debug|x86.Build.0 = Debug|Any CPU
		{33C3D427-85B3-454A-A4B9-914987458631}.Release|Any CPU.ActiveCfg = Release|Any CPU
		{33C3D427-85B3-454A-A4B9-914987458631}.Release|Any CPU.Build.0 = Release|Any CPU
		{33C3D427-85B3-454A-A4B9-914987458631}.Release|x64.ActiveCfg = Release|Any CPU
		{33C3D427-85B3-454A-A4B9-914987458631}.Release|x64.Build.0 = Release|Any CPU
		{33C3D427-85B3-454A-A4B9-914987458631}.Release|x86.ActiveCfg = Release|Any CPU
		{33C3D427-85B3-454A-A4B9-914987458631}.Release|x86.Build.0 = Release|Any CPU
	EndGlobalSection
	GlobalSection(SolutionProperties) = preSolution
		HideSolutionNode = FALSE
	EndGlobalSection
EndGlobal
